
Microsoft Visual Studio Solution File, Format Version 12.00
# Visual Studio Version 16
VisualStudioVersion = 16.0.31321.278
MinimumVisualStudioVersion = 10.0.40219.1
Project("{9A19103F-16F7-4668-BE54-9A1E7A4F7556}") = "MochaCoffee.Web", "MochaCoffee.Web\MochaCoffee.Web.csproj", "{F1DBBF9E-5D3D-4B9B-9FE4-04E5DF9E98C9}"
EndProject
Project("{FAE04EC0-301F-11D3-BF4B-00C04F79EFBC}") = "MochaCoffee.Data", "MochaCoffee.Data\MochaCoffee.Data.csproj", "{26970A0E-43EF-4676-A743-CECA0CB79C8D}"
EndProject
Project("{FAE04EC0-301F-11D3-BF4B-00C04F79EFBC}") = "MochaCoffee.Services", "MochaCoffee.Services\MochaCoffee.Services.csproj", "{63C25CE8-2A9E-418B-B940-1EAB2004BD07}"
EndProject
Global
	GlobalSection(SolutionConfigurationPlatforms) = preSolution
		Debug|Any CPU = Debug|Any CPU
		Release|Any CPU = Release|Any CPU
	EndGlobalSection
	GlobalSection(ProjectConfigurationPlatforms) = postSolution
		{F1DBBF9E-5D3D-4B9B-9FE4-04E5DF9E98C9}.Debug|Any CPU.ActiveCfg = Debug|Any CPU
		{F1DBBF9E-5D3D-4B9B-9FE4-04E5DF9E98C9}.Debug|Any CPU.Build.0 = Debug|Any CPU
		{F1DBBF9E-5D3D-4B9B-9FE4-04E5DF9E98C9}.Release|Any CPU.ActiveCfg = Release|Any CPU
		{F1DBBF9E-5D3D-4B9B-9FE4-04E5DF9E98C9}.Release|Any CPU.Build.0 = Release|Any CPU
		{26970A0E-43EF-4676-A743-CECA0CB79C8D}.Debug|Any CPU.ActiveCfg = Debug|Any CPU
		{26970A0E-43EF-4676-A743-CECA0CB79C8D}.Debug|Any CPU.Build.0 = Debug|Any CPU
		{26970A0E-43EF-4676-A743-CECA0CB79C8D}.Release|Any CPU.ActiveCfg = Release|Any CPU
		{26970A0E-43EF-4676-A743-CECA0CB79C8D}.Release|Any CPU.Build.0 = Release|Any CPU
		{63C25CE8-2A9E-418B-B940-1EAB2004BD07}.Debug|Any CPU.ActiveCfg = Debug|Any CPU
		{63C25CE8-2A9E-418B-B940-1EAB2004BD07}.Debug|Any CPU.Build.0 = Debug|Any CPU
		{63C25CE8-2A9E-418B-B940-1EAB2004BD07}.Release|Any CPU.ActiveCfg = Release|Any CPU
		{63C25CE8-2A9E-418B-B940-1EAB2004BD07}.Release|Any CPU.Build.0 = Release|Any CPU
	EndGlobalSection
	GlobalSection(SolutionProperties) = preSolution
		HideSolutionNode = FALSE
	EndGlobalSection
	GlobalSection(ExtensibilityGlobals) = postSolution
		SolutionGuid = {F713186D-B046-493D-BAD3-FAC41B2F0BB0}
	EndGlobalSection
EndGlobal
